
Microsoft Visual Studio Solution File, Format Version 12.00
# Visual Studio Version 17
VisualStudioVersion = 17.0.31903.59
MinimumVisualStudioVersion = 10.0.40219.1
Project("{9A19103F-16F7-4668-BE54-9A1E7A4F7556}") = "EMBC.ESS", "EMBC.ESS\EMBC.ESS.csproj", "{864497BD-A98C-47CB-8356-39AF743BF0B0}"
EndProject
Project("{9A19103F-16F7-4668-BE54-9A1E7A4F7556}") = "EMBC.ESS.Shared.Contracts", "EMBC.ESS.Shared.Contracts\EMBC.ESS.Shared.Contracts.csproj", "{88B182DF-E295-42E8-B72A-9BFAC959EF9E}"
EndProject
Project("{9A19103F-16F7-4668-BE54-9A1E7A4F7556}") = "EMBC.Tests.Integration.ESS", "EMBC.Tests.Integration.ESS\EMBC.Tests.Integration.ESS.csproj", "{311F3C52-15A7-48DD-AF33-49E5BBC3BA3F}"
EndProject
Project("{9A19103F-16F7-4668-BE54-9A1E7A4F7556}") = "EMBC.Tests.Unit.ESS", "EMBC.Tests.Unit.ESS\EMBC.Tests.Unit.ESS.csproj", "{455DC023-1285-456C-B060-CC81D5F4FF1E}"
EndProject
Project("{9A19103F-16F7-4668-BE54-9A1E7A4F7556}") = "EMBC.ESS.Utilities.Dynamics", "EMBC.ESS.Utilities.Dynamics\EMBC.ESS.Utilities.Dynamics.csproj", "{3B7BB8D6-8ED4-4BFB-AE0A-83265D60A59C}"
EndProject
Project("{9A19103F-16F7-4668-BE54-9A1E7A4F7556}") = "EMBC.ESS.Utilties.BceidWS", "EMBC.ESS.Utilties.BceidWS\EMBC.ESS.Utilties.BceidWS.csproj", "{E83A66C1-B0C4-42BA-9526-B199F9C0F2BA}"
EndProject
Project("{9A19103F-16F7-4668-BE54-9A1E7A4F7556}") = "EMBC.Utilities", "EMBC.Utilities\EMBC.Utilities.csproj", "{84C009CF-8441-4571-A9BB-68F0255E061F}"
EndProject
Project("{9A19103F-16F7-4668-BE54-9A1E7A4F7556}") = "EMBC.Utilities.Messaging", "EMBC.Utilities.Messaging\EMBC.Utilities.Messaging.csproj", "{63A67000-8498-4698-B115-1AEC7C409718}"
EndProject
Project("{9A19103F-16F7-4668-BE54-9A1E7A4F7556}") = "EMBC.Utilities.PdfGenerator", "EMBC.Utilities.PdfGenerator\EMBC.Utilities.PdfGenerator.csproj", "{0C90507C-DE99-47F8-BDC5-4153B61A1DA8}"
EndProject
Project("{FAE04EC0-301F-11D3-BF4B-00C04F79EFBC}") = "EMBC.Utilities.Hosting", "EMBC.Utilities.Hosting\EMBC.Utilities.Hosting.csproj", "{518CBA05-C425-4190-82F7-84E8915A1C5B}"
EndProject
Global
	GlobalSection(SolutionConfigurationPlatforms) = preSolution
		Debug|Any CPU = Debug|Any CPU
		Release|Any CPU = Release|Any CPU
	EndGlobalSection
	GlobalSection(ProjectConfigurationPlatforms) = postSolution
		{864497BD-A98C-47CB-8356-39AF743BF0B0}.Debug|Any CPU.ActiveCfg = Debug|Any CPU
		{864497BD-A98C-47CB-8356-39AF743BF0B0}.Debug|Any CPU.Build.0 = Debug|Any CPU
		{864497BD-A98C-47CB-8356-39AF743BF0B0}.Release|Any CPU.ActiveCfg = Release|Any CPU
		{864497BD-A98C-47CB-8356-39AF743BF0B0}.Release|Any CPU.Build.0 = Release|Any CPU
		{88B182DF-E295-42E8-B72A-9BFAC959EF9E}.Debug|Any CPU.ActiveCfg = Debug|Any CPU
		{88B182DF-E295-42E8-B72A-9BFAC959EF9E}.Debug|Any CPU.Build.0 = Debug|Any CPU
		{88B182DF-E295-42E8-B72A-9BFAC959EF9E}.Release|Any CPU.ActiveCfg = Release|Any CPU
		{88B182DF-E295-42E8-B72A-9BFAC959EF9E}.Release|Any CPU.Build.0 = Release|Any CPU
		{311F3C52-15A7-48DD-AF33-49E5BBC3BA3F}.Debug|Any CPU.ActiveCfg = Debug|Any CPU
		{311F3C52-15A7-48DD-AF33-49E5BBC3BA3F}.Debug|Any CPU.Build.0 = Debug|Any CPU
		{311F3C52-15A7-48DD-AF33-49E5BBC3BA3F}.Release|Any CPU.ActiveCfg = Release|Any CPU
		{311F3C52-15A7-48DD-AF33-49E5BBC3BA3F}.Release|Any CPU.Build.0 = Release|Any CPU
		{455DC023-1285-456C-B060-CC81D5F4FF1E}.Debug|Any CPU.ActiveCfg = Debug|Any CPU
		{455DC023-1285-456C-B060-CC81D5F4FF1E}.Debug|Any CPU.Build.0 = Debug|Any CPU
		{455DC023-1285-456C-B060-CC81D5F4FF1E}.Release|Any CPU.ActiveCfg = Release|Any CPU
		{455DC023-1285-456C-B060-CC81D5F4FF1E}.Release|Any CPU.Build.0 = Release|Any CPU
		{3B7BB8D6-8ED4-4BFB-AE0A-83265D60A59C}.Debug|Any CPU.ActiveCfg = Debug|Any CPU
		{3B7BB8D6-8ED4-4BFB-AE0A-83265D60A59C}.Debug|Any CPU.Build.0 = Debug|Any CPU
		{3B7BB8D6-8ED4-4BFB-AE0A-83265D60A59C}.Release|Any CPU.ActiveCfg = Release|Any CPU
		{3B7BB8D6-8ED4-4BFB-AE0A-83265D60A59C}.Release|Any CPU.Build.0 = Release|Any CPU
		{E83A66C1-B0C4-42BA-9526-B199F9C0F2BA}.Debug|Any CPU.ActiveCfg = Debug|Any CPU
		{E83A66C1-B0C4-42BA-9526-B199F9C0F2BA}.Debug|Any CPU.Build.0 = Debug|Any CPU
		{E83A66C1-B0C4-42BA-9526-B199F9C0F2BA}.Release|Any CPU.ActiveCfg = Release|Any CPU
		{E83A66C1-B0C4-42BA-9526-B199F9C0F2BA}.Release|Any CPU.Build.0 = Release|Any CPU
		{84C009CF-8441-4571-A9BB-68F0255E061F}.Debug|Any CPU.ActiveCfg = Debug|Any CPU
		{84C009CF-8441-4571-A9BB-68F0255E061F}.Debug|Any CPU.Build.0 = Debug|Any CPU
		{84C009CF-8441-4571-A9BB-68F0255E061F}.Release|Any CPU.ActiveCfg = Release|Any CPU
		{84C009CF-8441-4571-A9BB-68F0255E061F}.Release|Any CPU.Build.0 = Release|Any CPU
		{63A67000-8498-4698-B115-1AEC7C409718}.Debug|Any CPU.ActiveCfg = Debug|Any CPU
		{63A67000-8498-4698-B115-1AEC7C409718}.Debug|Any CPU.Build.0 = Debug|Any CPU
		{63A67000-8498-4698-B115-1AEC7C409718}.Release|Any CPU.ActiveCfg = Release|Any CPU
		{63A67000-8498-4698-B115-1AEC7C409718}.Release|Any CPU.Build.0 = Release|Any CPU
		{0C90507C-DE99-47F8-BDC5-4153B61A1DA8}.Debug|Any CPU.ActiveCfg = Debug|Any CPU
		{0C90507C-DE99-47F8-BDC5-4153B61A1DA8}.Debug|Any CPU.Build.0 = Debug|Any CPU
		{0C90507C-DE99-47F8-BDC5-4153B61A1DA8}.Release|Any CPU.ActiveCfg = Release|Any CPU
		{0C90507C-DE99-47F8-BDC5-4153B61A1DA8}.Release|Any CPU.Build.0 = Release|Any CPU
		{518CBA05-C425-4190-82F7-84E8915A1C5B}.Debug|Any CPU.ActiveCfg = Debug|Any CPU
		{518CBA05-C425-4190-82F7-84E8915A1C5B}.Debug|Any CPU.Build.0 = Debug|Any CPU
		{518CBA05-C425-4190-82F7-84E8915A1C5B}.Release|Any CPU.ActiveCfg = Release|Any CPU
		{518CBA05-C425-4190-82F7-84E8915A1C5B}.Release|Any CPU.Build.0 = Release|Any CPU
	EndGlobalSection
	GlobalSection(SolutionProperties) = preSolution
		HideSolutionNode = FALSE
	EndGlobalSection
	GlobalSection(ExtensibilityGlobals) = postSolution
		SolutionGuid = {7030F633-EA46-4604-948A-65037D5A39B2}
	EndGlobalSection
EndGlobal
