
Microsoft Visual Studio Solution File, Format Version 12.00
# Visual Studio Version 17
VisualStudioVersion = 17.0.31903.59
MinimumVisualStudioVersion = 10.0.40219.1
Project("{9A19103F-16F7-4668-BE54-9A1E7A4F7556}") = "EMBC.ESS", "EMBC.ESS\EMBC.ESS.csproj", "{864497BD-A98C-47CB-8356-39AF743BF0B0}"
EndProject
Project("{9A19103F-16F7-4668-BE54-9A1E7A4F7556}") = "EMBC.ESS.Shared.Contracts", "EMBC.ESS.Shared.Contracts\EMBC.ESS.Shared.Contracts.csproj", "{88B182DF-E295-42E8-B72A-9BFAC959EF9E}"
EndProject
Project("{9A19103F-16F7-4668-BE54-9A1E7A4F7556}") = "EMBC.Tests.Integration.ESS", "EMBC.Tests.Integration.ESS\EMBC.Tests.Integration.ESS.csproj", "{311F3C52-15A7-48DD-AF33-49E5BBC3BA3F}"
EndProject
Project("{9A19103F-16F7-4668-BE54-9A1E7A4F7556}") = "EMBC.Tests.Unit.ESS", "EMBC.Tests.Unit.ESS\EMBC.Tests.Unit.ESS.csproj", "{455DC023-1285-456C-B060-CC81D5F4FF1E}"
EndProject
Project("{9A19103F-16F7-4668-BE54-9A1E7A4F7556}") = "EMBC.ESS.Utilities.Dynamics", "EMBC.ESS.Utilities.Dynamics\EMBC.ESS.Utilities.Dynamics.csproj", "{3B7BB8D6-8ED4-4BFB-AE0A-83265D60A59C}"
EndProject
Project("{9A19103F-16F7-4668-BE54-9A1E7A4F7556}") = "EMBC.Utilities", "EMBC.Utilities\EMBC.Utilities.csproj", "{84C009CF-8441-4571-A9BB-68F0255E061F}"
EndProject
Project("{9A19103F-16F7-4668-BE54-9A1E7A4F7556}") = "EMBC.Utilities.Messaging", "EMBC.Utilities.Messaging\EMBC.Utilities.Messaging.csproj", "{63A67000-8498-4698-B115-1AEC7C409718}"
EndProject
Project("{9A19103F-16F7-4668-BE54-9A1E7A4F7556}") = "EMBC.Utilities.Hosting", "EMBC.Utilities.Hosting\EMBC.Utilities.Hosting.csproj", "{518CBA05-C425-4190-82F7-84E8915A1C5B}"
EndProject
Project("{9A19103F-16F7-4668-BE54-9A1E7A4F7556}") = "EMBC.ESS.Host", "EMBC.ESS.Host\EMBC.ESS.Host.csproj", "{10D00A1F-21C0-42A3-9D9B-A938EFBF299B}"
EndProject
Project("{9A19103F-16F7-4668-BE54-9A1E7A4F7556}") = "EMBC.ESS.Utilities.BceidWS", "EMBC.ESS.Utilities.BceidWS\EMBC.ESS.Utilities.BceidWS.csproj", "{A4D4C18C-5D20-423F-ADBA-29790276C142}"
EndProject
Project("{2150E333-8FDC-42A3-9474-1A3956D46DE8}") = "Utilities", "Utilities", "{E5EDC676-4A91-48C0-BF38-D91F005ECD1A}"
EndProject
Project("{2150E333-8FDC-42A3-9474-1A3956D46DE8}") = "Tests", "Tests", "{228A3FDB-BAD6-4EBF-A625-11E22938E1A9}"
EndProject
Project("{9A19103F-16F7-4668-BE54-9A1E7A4F7556}") = "EMBC.Utilities.Caching", "EMBC.Utilities.Caching\EMBC.Utilities.Caching.csproj", "{827BC8E3-E64F-4E0D-A001-AB85DDF461F5}"
EndProject
Project("{9A19103F-16F7-4668-BE54-9A1E7A4F7556}") = "EMBC.ESS.Utilities.Cas", "EMBC.ESS.Utilities.Cas\EMBC.ESS.Utilities.Cas.csproj", "{0528280C-DD38-445E-B7AC-9402F4CB00D3}"
EndProject
Project("{9A19103F-16F7-4668-BE54-9A1E7A4F7556}") = "EMBC.Utilities.Telemetry", "EMBC.Utilities.Telemetry\EMBC.Utilities.Telemetry.csproj", "{C770CDD8-C18C-48D3-A7E8-78797C5CBDEA}"
EndProject
Global
	GlobalSection(SolutionConfigurationPlatforms) = preSolution
		Debug|Any CPU = Debug|Any CPU
		Release|Any CPU = Release|Any CPU
	EndGlobalSection
	GlobalSection(ProjectConfigurationPlatforms) = postSolution
		{864497BD-A98C-47CB-8356-39AF743BF0B0}.Debug|Any CPU.ActiveCfg = Debug|Any CPU
		{864497BD-A98C-47CB-8356-39AF743BF0B0}.Debug|Any CPU.Build.0 = Debug|Any CPU
		{864497BD-A98C-47CB-8356-39AF743BF0B0}.Release|Any CPU.ActiveCfg = Release|Any CPU
		{864497BD-A98C-47CB-8356-39AF743BF0B0}.Release|Any CPU.Build.0 = Release|Any CPU
		{88B182DF-E295-42E8-B72A-9BFAC959EF9E}.Debug|Any CPU.ActiveCfg = Debug|Any CPU
		{88B182DF-E295-42E8-B72A-9BFAC959EF9E}.Debug|Any CPU.Build.0 = Debug|Any CPU
		{88B182DF-E295-42E8-B72A-9BFAC959EF9E}.Release|Any CPU.ActiveCfg = Release|Any CPU
		{88B182DF-E295-42E8-B72A-9BFAC959EF9E}.Release|Any CPU.Build.0 = Release|Any CPU
		{311F3C52-15A7-48DD-AF33-49E5BBC3BA3F}.Debug|Any CPU.ActiveCfg = Debug|Any CPU
		{311F3C52-15A7-48DD-AF33-49E5BBC3BA3F}.Debug|Any CPU.Build.0 = Debug|Any CPU
		{311F3C52-15A7-48DD-AF33-49E5BBC3BA3F}.Release|Any CPU.ActiveCfg = Release|Any CPU
		{311F3C52-15A7-48DD-AF33-49E5BBC3BA3F}.Release|Any CPU.Build.0 = Release|Any CPU
		{455DC023-1285-456C-B060-CC81D5F4FF1E}.Debug|Any CPU.ActiveCfg = Debug|Any CPU
		{455DC023-1285-456C-B060-CC81D5F4FF1E}.Debug|Any CPU.Build.0 = Debug|Any CPU
		{455DC023-1285-456C-B060-CC81D5F4FF1E}.Release|Any CPU.ActiveCfg = Release|Any CPU
		{455DC023-1285-456C-B060-CC81D5F4FF1E}.Release|Any CPU.Build.0 = Release|Any CPU
		{3B7BB8D6-8ED4-4BFB-AE0A-83265D60A59C}.Debug|Any CPU.ActiveCfg = Debug|Any CPU
		{3B7BB8D6-8ED4-4BFB-AE0A-83265D60A59C}.Debug|Any CPU.Build.0 = Debug|Any CPU
		{3B7BB8D6-8ED4-4BFB-AE0A-83265D60A59C}.Release|Any CPU.ActiveCfg = Release|Any CPU
		{3B7BB8D6-8ED4-4BFB-AE0A-83265D60A59C}.Release|Any CPU.Build.0 = Release|Any CPU
		{84C009CF-8441-4571-A9BB-68F0255E061F}.Debug|Any CPU.ActiveCfg = Debug|Any CPU
		{84C009CF-8441-4571-A9BB-68F0255E061F}.Debug|Any CPU.Build.0 = Debug|Any CPU
		{84C009CF-8441-4571-A9BB-68F0255E061F}.Release|Any CPU.ActiveCfg = Release|Any CPU
		{84C009CF-8441-4571-A9BB-68F0255E061F}.Release|Any CPU.Build.0 = Release|Any CPU
		{63A67000-8498-4698-B115-1AEC7C409718}.Debug|Any CPU.ActiveCfg = Debug|Any CPU
		{63A67000-8498-4698-B115-1AEC7C409718}.Debug|Any CPU.Build.0 = Debug|Any CPU
		{63A67000-8498-4698-B115-1AEC7C409718}.Release|Any CPU.ActiveCfg = Release|Any CPU
		{63A67000-8498-4698-B115-1AEC7C409718}.Release|Any CPU.Build.0 = Release|Any CPU
		{518CBA05-C425-4190-82F7-84E8915A1C5B}.Debug|Any CPU.ActiveCfg = Debug|Any CPU
		{518CBA05-C425-4190-82F7-84E8915A1C5B}.Debug|Any CPU.Build.0 = Debug|Any CPU
		{518CBA05-C425-4190-82F7-84E8915A1C5B}.Release|Any CPU.ActiveCfg = Release|Any CPU
		{518CBA05-C425-4190-82F7-84E8915A1C5B}.Release|Any CPU.Build.0 = Release|Any CPU
		{10D00A1F-21C0-42A3-9D9B-A938EFBF299B}.Debug|Any CPU.ActiveCfg = Debug|Any CPU
		{10D00A1F-21C0-42A3-9D9B-A938EFBF299B}.Debug|Any CPU.Build.0 = Debug|Any CPU
		{10D00A1F-21C0-42A3-9D9B-A938EFBF299B}.Release|Any CPU.ActiveCfg = Release|Any CPU
		{10D00A1F-21C0-42A3-9D9B-A938EFBF299B}.Release|Any CPU.Build.0 = Release|Any CPU
		{A4D4C18C-5D20-423F-ADBA-29790276C142}.Debug|Any CPU.ActiveCfg = Debug|Any CPU
		{A4D4C18C-5D20-423F-ADBA-29790276C142}.Debug|Any CPU.Build.0 = Debug|Any CPU
		{A4D4C18C-5D20-423F-ADBA-29790276C142}.Release|Any CPU.ActiveCfg = Release|Any CPU
		{A4D4C18C-5D20-423F-ADBA-29790276C142}.Release|Any CPU.Build.0 = Release|Any CPU
		{827BC8E3-E64F-4E0D-A001-AB85DDF461F5}.Debug|Any CPU.ActiveCfg = Debug|Any CPU
		{827BC8E3-E64F-4E0D-A001-AB85DDF461F5}.Debug|Any CPU.Build.0 = Debug|Any CPU
		{827BC8E3-E64F-4E0D-A001-AB85DDF461F5}.Release|Any CPU.ActiveCfg = Release|Any CPU
		{827BC8E3-E64F-4E0D-A001-AB85DDF461F5}.Release|Any CPU.Build.0 = Release|Any CPU
		{0528280C-DD38-445E-B7AC-9402F4CB00D3}.Debug|Any CPU.ActiveCfg = Debug|Any CPU
		{0528280C-DD38-445E-B7AC-9402F4CB00D3}.Debug|Any CPU.Build.0 = Debug|Any CPU
		{0528280C-DD38-445E-B7AC-9402F4CB00D3}.Release|Any CPU.ActiveCfg = Release|Any CPU
		{0528280C-DD38-445E-B7AC-9402F4CB00D3}.Release|Any CPU.Build.0 = Release|Any CPU
		{C770CDD8-C18C-48D3-A7E8-78797C5CBDEA}.Debug|Any CPU.ActiveCfg = Debug|Any CPU
		{C770CDD8-C18C-48D3-A7E8-78797C5CBDEA}.Debug|Any CPU.Build.0 = Debug|Any CPU
		{C770CDD8-C18C-48D3-A7E8-78797C5CBDEA}.Release|Any CPU.ActiveCfg = Release|Any CPU
		{C770CDD8-C18C-48D3-A7E8-78797C5CBDEA}.Release|Any CPU.Build.0 = Release|Any CPU
	EndGlobalSection
	GlobalSection(SolutionProperties) = preSolution
		HideSolutionNode = FALSE
	EndGlobalSection
	GlobalSection(NestedProjects) = preSolution
		{311F3C52-15A7-48DD-AF33-49E5BBC3BA3F} = {228A3FDB-BAD6-4EBF-A625-11E22938E1A9}
		{455DC023-1285-456C-B060-CC81D5F4FF1E} = {228A3FDB-BAD6-4EBF-A625-11E22938E1A9}
		{3B7BB8D6-8ED4-4BFB-AE0A-83265D60A59C} = {E5EDC676-4A91-48C0-BF38-D91F005ECD1A}
		{84C009CF-8441-4571-A9BB-68F0255E061F} = {E5EDC676-4A91-48C0-BF38-D91F005ECD1A}
		{63A67000-8498-4698-B115-1AEC7C409718} = {E5EDC676-4A91-48C0-BF38-D91F005ECD1A}
		{518CBA05-C425-4190-82F7-84E8915A1C5B} = {E5EDC676-4A91-48C0-BF38-D91F005ECD1A}
		{A4D4C18C-5D20-423F-ADBA-29790276C142} = {E5EDC676-4A91-48C0-BF38-D91F005ECD1A}
		{827BC8E3-E64F-4E0D-A001-AB85DDF461F5} = {E5EDC676-4A91-48C0-BF38-D91F005ECD1A}
		{0528280C-DD38-445E-B7AC-9402F4CB00D3} = {E5EDC676-4A91-48C0-BF38-D91F005ECD1A}
		{C770CDD8-C18C-48D3-A7E8-78797C5CBDEA} = {E5EDC676-4A91-48C0-BF38-D91F005ECD1A}
	EndGlobalSection
	GlobalSection(ExtensibilityGlobals) = postSolution
		SolutionGuid = {7030F633-EA46-4604-948A-65037D5A39B2}
	EndGlobalSection
EndGlobal
