
Microsoft Visual Studio Solution File, Format Version 12.00
# Visual Studio Version 17
VisualStudioVersion = 17.1.32407.343
MinimumVisualStudioVersion = 10.0.40219.1
Project("{FAE04EC0-301F-11D3-BF4B-00C04F79EFBC}") = "EMBC.MockCas", "EMBC.MockCas\EMBC.MockCas.csproj", "{F7FEA128-A9B4-47B4-A27A-D2247E31CDFD}"
EndProject
Global
	GlobalSection(SolutionConfigurationPlatforms) = preSolution
		Debug|Any CPU = Debug|Any CPU
		Release|Any CPU = Release|Any CPU
	EndGlobalSection
	GlobalSection(ProjectConfigurationPlatforms) = postSolution
		{F7FEA128-A9B4-47B4-A27A-D2247E31CDFD}.Debug|Any CPU.ActiveCfg = Debug|Any CPU
		{F7FEA128-A9B4-47B4-A27A-D2247E31CDFD}.Debug|Any CPU.Build.0 = Debug|Any CPU
		{F7FEA128-A9B4-47B4-A27A-D2247E31CDFD}.Release|Any CPU.ActiveCfg = Release|Any CPU
		{F7FEA128-A9B4-47B4-A27A-D2247E31CDFD}.Release|Any CPU.Build.0 = Release|Any CPU
	EndGlobalSection
	GlobalSection(SolutionProperties) = preSolution
		HideSolutionNode = FALSE
	EndGlobalSection
	GlobalSection(ExtensibilityGlobals) = postSolution
		SolutionGuid = {BBBC3B00-9CBE-4756-84E6-CF8C5BF92788}
	EndGlobalSection
EndGlobal
