
Microsoft Visual Studio Solution File, Format Version 12.00
# Visual Studio Version 17
VisualStudioVersion = 17.0.32014.148
MinimumVisualStudioVersion = 15.0.26124.0
Project("{9A19103F-16F7-4668-BE54-9A1E7A4F7556}") = "EMBC.Responders.API", "EMBC.Responders.API\EMBC.Responders.API.csproj", "{3FC3CBA0-CC3F-486D-9946-E8FB2EF2D03D}"
EndProject
Project("{9A19103F-16F7-4668-BE54-9A1E7A4F7556}") = "EMBC.Tests.Unit.Responders.API", "EMBC.Tests.Unit.Responders.API\EMBC.Tests.Unit.Responders.API.csproj", "{86926A20-8642-4CAE-8EBB-259E0FE9478A}"
EndProject
Project("{9A19103F-16F7-4668-BE54-9A1E7A4F7556}") = "EMBC.ESS.Shared.Contracts", "EMBC.ESS.Shared.Contracts\EMBC.ESS.Shared.Contracts.csproj", "{CB432DCB-59C1-4C3F-B83B-C6B5FDC0F199}"
EndProject
Project("{2150E333-8FDC-42A3-9474-1A3956D46DE8}") = "Utilities", "Utilities", "{3ECB36C2-8031-4BFE-A9ED-E52083C52D12}"
EndProject
Project("{9A19103F-16F7-4668-BE54-9A1E7A4F7556}") = "EMBC.Utilities", "EMBC.Utilities\EMBC.Utilities.csproj", "{F597E63A-29DC-4580-B0DE-A1A653C07CDA}"
EndProject
Project("{9A19103F-16F7-4668-BE54-9A1E7A4F7556}") = "EMBC.Utilities.Hosting", "EMBC.Utilities.Hosting\EMBC.Utilities.Hosting.csproj", "{DCCAFA88-D929-4174-9F96-6F5CBFB4853C}"
EndProject
Project("{9A19103F-16F7-4668-BE54-9A1E7A4F7556}") = "EMBC.Utilities.Messaging", "EMBC.Utilities.Messaging\EMBC.Utilities.Messaging.csproj", "{B24977AD-4BE1-435F-ABB1-DB3DCB4817D9}"
EndProject
Project("{9A19103F-16F7-4668-BE54-9A1E7A4F7556}") = "EMBC.Utilities.Caching", "EMBC.Utilities.Caching\EMBC.Utilities.Caching.csproj", "{205D37E9-C2B9-461E-81C1-8C9F1A4583E1}"
EndProject
Project("{9A19103F-16F7-4668-BE54-9A1E7A4F7556}") = "EMBC.Utilities.Telemetry", "EMBC.Utilities.Telemetry\EMBC.Utilities.Telemetry.csproj", "{46B2695B-1D6F-41E0-9151-130E72BB0683}"
EndProject
Global
	GlobalSection(SolutionConfigurationPlatforms) = preSolution
		Debug|Any CPU = Debug|Any CPU
		Debug|x64 = Debug|x64
		Debug|x86 = Debug|x86
		Release|Any CPU = Release|Any CPU
		Release|x64 = Release|x64
		Release|x86 = Release|x86
	EndGlobalSection
	GlobalSection(ProjectConfigurationPlatforms) = postSolution
		{3FC3CBA0-CC3F-486D-9946-E8FB2EF2D03D}.Debug|Any CPU.ActiveCfg = Debug|Any CPU
		{3FC3CBA0-CC3F-486D-9946-E8FB2EF2D03D}.Debug|Any CPU.Build.0 = Debug|Any CPU
		{3FC3CBA0-CC3F-486D-9946-E8FB2EF2D03D}.Debug|x64.ActiveCfg = Debug|Any CPU
		{3FC3CBA0-CC3F-486D-9946-E8FB2EF2D03D}.Debug|x64.Build.0 = Debug|Any CPU
		{3FC3CBA0-CC3F-486D-9946-E8FB2EF2D03D}.Debug|x86.ActiveCfg = Debug|Any CPU
		{3FC3CBA0-CC3F-486D-9946-E8FB2EF2D03D}.Debug|x86.Build.0 = Debug|Any CPU
		{3FC3CBA0-CC3F-486D-9946-E8FB2EF2D03D}.Release|Any CPU.ActiveCfg = Release|Any CPU
		{3FC3CBA0-CC3F-486D-9946-E8FB2EF2D03D}.Release|Any CPU.Build.0 = Release|Any CPU
		{3FC3CBA0-CC3F-486D-9946-E8FB2EF2D03D}.Release|x64.ActiveCfg = Release|Any CPU
		{3FC3CBA0-CC3F-486D-9946-E8FB2EF2D03D}.Release|x64.Build.0 = Release|Any CPU
		{3FC3CBA0-CC3F-486D-9946-E8FB2EF2D03D}.Release|x86.ActiveCfg = Release|Any CPU
		{3FC3CBA0-CC3F-486D-9946-E8FB2EF2D03D}.Release|x86.Build.0 = Release|Any CPU
		{86926A20-8642-4CAE-8EBB-259E0FE9478A}.Debug|Any CPU.ActiveCfg = Debug|Any CPU
		{86926A20-8642-4CAE-8EBB-259E0FE9478A}.Debug|Any CPU.Build.0 = Debug|Any CPU
		{86926A20-8642-4CAE-8EBB-259E0FE9478A}.Debug|x64.ActiveCfg = Debug|Any CPU
		{86926A20-8642-4CAE-8EBB-259E0FE9478A}.Debug|x64.Build.0 = Debug|Any CPU
		{86926A20-8642-4CAE-8EBB-259E0FE9478A}.Debug|x86.ActiveCfg = Debug|Any CPU
		{86926A20-8642-4CAE-8EBB-259E0FE9478A}.Debug|x86.Build.0 = Debug|Any CPU
		{86926A20-8642-4CAE-8EBB-259E0FE9478A}.Release|Any CPU.ActiveCfg = Release|Any CPU
		{86926A20-8642-4CAE-8EBB-259E0FE9478A}.Release|Any CPU.Build.0 = Release|Any CPU
		{86926A20-8642-4CAE-8EBB-259E0FE9478A}.Release|x64.ActiveCfg = Release|Any CPU
		{86926A20-8642-4CAE-8EBB-259E0FE9478A}.Release|x64.Build.0 = Release|Any CPU
		{86926A20-8642-4CAE-8EBB-259E0FE9478A}.Release|x86.ActiveCfg = Release|Any CPU
		{86926A20-8642-4CAE-8EBB-259E0FE9478A}.Release|x86.Build.0 = Release|Any CPU
		{CB432DCB-59C1-4C3F-B83B-C6B5FDC0F199}.Debug|Any CPU.ActiveCfg = Debug|Any CPU
		{CB432DCB-59C1-4C3F-B83B-C6B5FDC0F199}.Debug|Any CPU.Build.0 = Debug|Any CPU
		{CB432DCB-59C1-4C3F-B83B-C6B5FDC0F199}.Debug|x64.ActiveCfg = Debug|Any CPU
		{CB432DCB-59C1-4C3F-B83B-C6B5FDC0F199}.Debug|x64.Build.0 = Debug|Any CPU
		{CB432DCB-59C1-4C3F-B83B-C6B5FDC0F199}.Debug|x86.ActiveCfg = Debug|Any CPU
		{CB432DCB-59C1-4C3F-B83B-C6B5FDC0F199}.Debug|x86.Build.0 = Debug|Any CPU
		{CB432DCB-59C1-4C3F-B83B-C6B5FDC0F199}.Release|Any CPU.ActiveCfg = Release|Any CPU
		{CB432DCB-59C1-4C3F-B83B-C6B5FDC0F199}.Release|Any CPU.Build.0 = Release|Any CPU
		{CB432DCB-59C1-4C3F-B83B-C6B5FDC0F199}.Release|x64.ActiveCfg = Release|Any CPU
		{CB432DCB-59C1-4C3F-B83B-C6B5FDC0F199}.Release|x64.Build.0 = Release|Any CPU
		{CB432DCB-59C1-4C3F-B83B-C6B5FDC0F199}.Release|x86.ActiveCfg = Release|Any CPU
		{CB432DCB-59C1-4C3F-B83B-C6B5FDC0F199}.Release|x86.Build.0 = Release|Any CPU
		{F597E63A-29DC-4580-B0DE-A1A653C07CDA}.Debug|Any CPU.ActiveCfg = Debug|Any CPU
		{F597E63A-29DC-4580-B0DE-A1A653C07CDA}.Debug|Any CPU.Build.0 = Debug|Any CPU
		{F597E63A-29DC-4580-B0DE-A1A653C07CDA}.Debug|x64.ActiveCfg = Debug|Any CPU
		{F597E63A-29DC-4580-B0DE-A1A653C07CDA}.Debug|x64.Build.0 = Debug|Any CPU
		{F597E63A-29DC-4580-B0DE-A1A653C07CDA}.Debug|x86.ActiveCfg = Debug|Any CPU
		{F597E63A-29DC-4580-B0DE-A1A653C07CDA}.Debug|x86.Build.0 = Debug|Any CPU
		{F597E63A-29DC-4580-B0DE-A1A653C07CDA}.Release|Any CPU.ActiveCfg = Release|Any CPU
		{F597E63A-29DC-4580-B0DE-A1A653C07CDA}.Release|Any CPU.Build.0 = Release|Any CPU
		{F597E63A-29DC-4580-B0DE-A1A653C07CDA}.Release|x64.ActiveCfg = Release|Any CPU
		{F597E63A-29DC-4580-B0DE-A1A653C07CDA}.Release|x64.Build.0 = Release|Any CPU
		{F597E63A-29DC-4580-B0DE-A1A653C07CDA}.Release|x86.ActiveCfg = Release|Any CPU
		{F597E63A-29DC-4580-B0DE-A1A653C07CDA}.Release|x86.Build.0 = Release|Any CPU
		{DCCAFA88-D929-4174-9F96-6F5CBFB4853C}.Debug|Any CPU.ActiveCfg = Debug|Any CPU
		{DCCAFA88-D929-4174-9F96-6F5CBFB4853C}.Debug|Any CPU.Build.0 = Debug|Any CPU
		{DCCAFA88-D929-4174-9F96-6F5CBFB4853C}.Debug|x64.ActiveCfg = Debug|Any CPU
		{DCCAFA88-D929-4174-9F96-6F5CBFB4853C}.Debug|x64.Build.0 = Debug|Any CPU
		{DCCAFA88-D929-4174-9F96-6F5CBFB4853C}.Debug|x86.ActiveCfg = Debug|Any CPU
		{DCCAFA88-D929-4174-9F96-6F5CBFB4853C}.Debug|x86.Build.0 = Debug|Any CPU
		{DCCAFA88-D929-4174-9F96-6F5CBFB4853C}.Release|Any CPU.ActiveCfg = Release|Any CPU
		{DCCAFA88-D929-4174-9F96-6F5CBFB4853C}.Release|Any CPU.Build.0 = Release|Any CPU
		{DCCAFA88-D929-4174-9F96-6F5CBFB4853C}.Release|x64.ActiveCfg = Release|Any CPU
		{DCCAFA88-D929-4174-9F96-6F5CBFB4853C}.Release|x64.Build.0 = Release|Any CPU
		{DCCAFA88-D929-4174-9F96-6F5CBFB4853C}.Release|x86.ActiveCfg = Release|Any CPU
		{DCCAFA88-D929-4174-9F96-6F5CBFB4853C}.Release|x86.Build.0 = Release|Any CPU
		{B24977AD-4BE1-435F-ABB1-DB3DCB4817D9}.Debug|Any CPU.ActiveCfg = Debug|Any CPU
		{B24977AD-4BE1-435F-ABB1-DB3DCB4817D9}.Debug|Any CPU.Build.0 = Debug|Any CPU
		{B24977AD-4BE1-435F-ABB1-DB3DCB4817D9}.Debug|x64.ActiveCfg = Debug|Any CPU
		{B24977AD-4BE1-435F-ABB1-DB3DCB4817D9}.Debug|x64.Build.0 = Debug|Any CPU
		{B24977AD-4BE1-435F-ABB1-DB3DCB4817D9}.Debug|x86.ActiveCfg = Debug|Any CPU
		{B24977AD-4BE1-435F-ABB1-DB3DCB4817D9}.Debug|x86.Build.0 = Debug|Any CPU
		{B24977AD-4BE1-435F-ABB1-DB3DCB4817D9}.Release|Any CPU.ActiveCfg = Release|Any CPU
		{B24977AD-4BE1-435F-ABB1-DB3DCB4817D9}.Release|Any CPU.Build.0 = Release|Any CPU
		{B24977AD-4BE1-435F-ABB1-DB3DCB4817D9}.Release|x64.ActiveCfg = Release|Any CPU
		{B24977AD-4BE1-435F-ABB1-DB3DCB4817D9}.Release|x64.Build.0 = Release|Any CPU
		{B24977AD-4BE1-435F-ABB1-DB3DCB4817D9}.Release|x86.ActiveCfg = Release|Any CPU
		{B24977AD-4BE1-435F-ABB1-DB3DCB4817D9}.Release|x86.Build.0 = Release|Any CPU
		{205D37E9-C2B9-461E-81C1-8C9F1A4583E1}.Debug|Any CPU.ActiveCfg = Debug|Any CPU
		{205D37E9-C2B9-461E-81C1-8C9F1A4583E1}.Debug|Any CPU.Build.0 = Debug|Any CPU
		{205D37E9-C2B9-461E-81C1-8C9F1A4583E1}.Debug|x64.ActiveCfg = Debug|Any CPU
		{205D37E9-C2B9-461E-81C1-8C9F1A4583E1}.Debug|x64.Build.0 = Debug|Any CPU
		{205D37E9-C2B9-461E-81C1-8C9F1A4583E1}.Debug|x86.ActiveCfg = Debug|Any CPU
		{205D37E9-C2B9-461E-81C1-8C9F1A4583E1}.Debug|x86.Build.0 = Debug|Any CPU
		{205D37E9-C2B9-461E-81C1-8C9F1A4583E1}.Release|Any CPU.ActiveCfg = Release|Any CPU
		{205D37E9-C2B9-461E-81C1-8C9F1A4583E1}.Release|Any CPU.Build.0 = Release|Any CPU
		{205D37E9-C2B9-461E-81C1-8C9F1A4583E1}.Release|x64.ActiveCfg = Release|Any CPU
		{205D37E9-C2B9-461E-81C1-8C9F1A4583E1}.Release|x64.Build.0 = Release|Any CPU
		{205D37E9-C2B9-461E-81C1-8C9F1A4583E1}.Release|x86.ActiveCfg = Release|Any CPU
		{205D37E9-C2B9-461E-81C1-8C9F1A4583E1}.Release|x86.Build.0 = Release|Any CPU
		{46B2695B-1D6F-41E0-9151-130E72BB0683}.Debug|Any CPU.ActiveCfg = Debug|Any CPU
		{46B2695B-1D6F-41E0-9151-130E72BB0683}.Debug|Any CPU.Build.0 = Debug|Any CPU
		{46B2695B-1D6F-41E0-9151-130E72BB0683}.Debug|x64.ActiveCfg = Debug|Any CPU
		{46B2695B-1D6F-41E0-9151-130E72BB0683}.Debug|x64.Build.0 = Debug|Any CPU
		{46B2695B-1D6F-41E0-9151-130E72BB0683}.Debug|x86.ActiveCfg = Debug|Any CPU
		{46B2695B-1D6F-41E0-9151-130E72BB0683}.Debug|x86.Build.0 = Debug|Any CPU
		{46B2695B-1D6F-41E0-9151-130E72BB0683}.Release|Any CPU.ActiveCfg = Release|Any CPU
		{46B2695B-1D6F-41E0-9151-130E72BB0683}.Release|Any CPU.Build.0 = Release|Any CPU
		{46B2695B-1D6F-41E0-9151-130E72BB0683}.Release|x64.ActiveCfg = Release|Any CPU
		{46B2695B-1D6F-41E0-9151-130E72BB0683}.Release|x64.Build.0 = Release|Any CPU
		{46B2695B-1D6F-41E0-9151-130E72BB0683}.Release|x86.ActiveCfg = Release|Any CPU
		{46B2695B-1D6F-41E0-9151-130E72BB0683}.Release|x86.Build.0 = Release|Any CPU
	EndGlobalSection
	GlobalSection(SolutionProperties) = preSolution
		HideSolutionNode = FALSE
	EndGlobalSection
	GlobalSection(NestedProjects) = preSolution
		{F597E63A-29DC-4580-B0DE-A1A653C07CDA} = {3ECB36C2-8031-4BFE-A9ED-E52083C52D12}
		{DCCAFA88-D929-4174-9F96-6F5CBFB4853C} = {3ECB36C2-8031-4BFE-A9ED-E52083C52D12}
		{B24977AD-4BE1-435F-ABB1-DB3DCB4817D9} = {3ECB36C2-8031-4BFE-A9ED-E52083C52D12}
		{205D37E9-C2B9-461E-81C1-8C9F1A4583E1} = {3ECB36C2-8031-4BFE-A9ED-E52083C52D12}
		{46B2695B-1D6F-41E0-9151-130E72BB0683} = {3ECB36C2-8031-4BFE-A9ED-E52083C52D12}
	EndGlobalSection
	GlobalSection(ExtensibilityGlobals) = postSolution
		SolutionGuid = {840E65EA-3E13-4EBF-968F-0780B9C62E2C}
	EndGlobalSection
EndGlobal
