
Microsoft Visual Studio Solution File, Format Version 12.00
# Visual Studio Version 16
VisualStudioVersion = 16.0.30621.155
MinimumVisualStudioVersion = 15.0.26124.0
Project("{9A19103F-16F7-4668-BE54-9A1E7A4F7556}") = "EMBC.Registrants.API", "EMBC.Registrants.API\EMBC.Registrants.API.csproj", "{EE7D4980-9AEE-4495-8B4E-28CA41B32024}"
EndProject
Project("{9A19103F-16F7-4668-BE54-9A1E7A4F7556}") = "EMBC.Tests.Unit.Registrants.API", "EMBC.Tests.Unit.Registrants.API\EMBC.Tests.Unit.Registrants.API.csproj", "{A8EEF3EC-A1AE-4C4E-8AB3-4D3BF46DE853}"
EndProject
Project("{9A19103F-16F7-4668-BE54-9A1E7A4F7556}") = "EMBC.ResourceAccess.Dynamics", "EMBC.ResourceAccess.Dynamics\EMBC.ResourceAccess.Dynamics.csproj", "{154ECD57-EDDA-42B3-BD85-E1C82D46D184}"
EndProject
Project("{9A19103F-16F7-4668-BE54-9A1E7A4F7556}") = "EMBC.Tests.Integration.Registrants.API", "EMBC.Tests.Integration.Registrants.API\EMBC.Tests.Integration.Registrants.API.csproj", "{62FB5FA5-0C26-40AC-B9FB-7E5D72318962}"
EndProject
Global
	GlobalSection(SolutionConfigurationPlatforms) = preSolution
		Debug|Any CPU = Debug|Any CPU
		Debug|x64 = Debug|x64
		Debug|x86 = Debug|x86
		Release|Any CPU = Release|Any CPU
		Release|x64 = Release|x64
		Release|x86 = Release|x86
	EndGlobalSection
	GlobalSection(ProjectConfigurationPlatforms) = postSolution
		{EE7D4980-9AEE-4495-8B4E-28CA41B32024}.Debug|Any CPU.ActiveCfg = Debug|Any CPU
		{EE7D4980-9AEE-4495-8B4E-28CA41B32024}.Debug|Any CPU.Build.0 = Debug|Any CPU
		{EE7D4980-9AEE-4495-8B4E-28CA41B32024}.Debug|x64.ActiveCfg = Debug|Any CPU
		{EE7D4980-9AEE-4495-8B4E-28CA41B32024}.Debug|x64.Build.0 = Debug|Any CPU
		{EE7D4980-9AEE-4495-8B4E-28CA41B32024}.Debug|x86.ActiveCfg = Debug|Any CPU
		{EE7D4980-9AEE-4495-8B4E-28CA41B32024}.Debug|x86.Build.0 = Debug|Any CPU
		{EE7D4980-9AEE-4495-8B4E-28CA41B32024}.Release|Any CPU.ActiveCfg = Release|Any CPU
		{EE7D4980-9AEE-4495-8B4E-28CA41B32024}.Release|Any CPU.Build.0 = Release|Any CPU
		{EE7D4980-9AEE-4495-8B4E-28CA41B32024}.Release|x64.ActiveCfg = Release|Any CPU
		{EE7D4980-9AEE-4495-8B4E-28CA41B32024}.Release|x64.Build.0 = Release|Any CPU
		{EE7D4980-9AEE-4495-8B4E-28CA41B32024}.Release|x86.ActiveCfg = Release|Any CPU
		{EE7D4980-9AEE-4495-8B4E-28CA41B32024}.Release|x86.Build.0 = Release|Any CPU
		{A8EEF3EC-A1AE-4C4E-8AB3-4D3BF46DE853}.Debug|Any CPU.ActiveCfg = Debug|Any CPU
		{A8EEF3EC-A1AE-4C4E-8AB3-4D3BF46DE853}.Debug|Any CPU.Build.0 = Debug|Any CPU
		{A8EEF3EC-A1AE-4C4E-8AB3-4D3BF46DE853}.Debug|x64.ActiveCfg = Debug|Any CPU
		{A8EEF3EC-A1AE-4C4E-8AB3-4D3BF46DE853}.Debug|x64.Build.0 = Debug|Any CPU
		{A8EEF3EC-A1AE-4C4E-8AB3-4D3BF46DE853}.Debug|x86.ActiveCfg = Debug|Any CPU
		{A8EEF3EC-A1AE-4C4E-8AB3-4D3BF46DE853}.Debug|x86.Build.0 = Debug|Any CPU
		{A8EEF3EC-A1AE-4C4E-8AB3-4D3BF46DE853}.Release|Any CPU.ActiveCfg = Release|Any CPU
		{A8EEF3EC-A1AE-4C4E-8AB3-4D3BF46DE853}.Release|Any CPU.Build.0 = Release|Any CPU
		{A8EEF3EC-A1AE-4C4E-8AB3-4D3BF46DE853}.Release|x64.ActiveCfg = Release|Any CPU
		{A8EEF3EC-A1AE-4C4E-8AB3-4D3BF46DE853}.Release|x64.Build.0 = Release|Any CPU
		{A8EEF3EC-A1AE-4C4E-8AB3-4D3BF46DE853}.Release|x86.ActiveCfg = Release|Any CPU
		{A8EEF3EC-A1AE-4C4E-8AB3-4D3BF46DE853}.Release|x86.Build.0 = Release|Any CPU
		{154ECD57-EDDA-42B3-BD85-E1C82D46D184}.Debug|Any CPU.ActiveCfg = Debug|Any CPU
		{154ECD57-EDDA-42B3-BD85-E1C82D46D184}.Debug|Any CPU.Build.0 = Debug|Any CPU
		{154ECD57-EDDA-42B3-BD85-E1C82D46D184}.Debug|x64.ActiveCfg = Debug|Any CPU
		{154ECD57-EDDA-42B3-BD85-E1C82D46D184}.Debug|x64.Build.0 = Debug|Any CPU
		{154ECD57-EDDA-42B3-BD85-E1C82D46D184}.Debug|x86.ActiveCfg = Debug|Any CPU
		{154ECD57-EDDA-42B3-BD85-E1C82D46D184}.Debug|x86.Build.0 = Debug|Any CPU
		{154ECD57-EDDA-42B3-BD85-E1C82D46D184}.Release|Any CPU.ActiveCfg = Release|Any CPU
		{154ECD57-EDDA-42B3-BD85-E1C82D46D184}.Release|Any CPU.Build.0 = Release|Any CPU
		{154ECD57-EDDA-42B3-BD85-E1C82D46D184}.Release|x64.ActiveCfg = Release|Any CPU
		{154ECD57-EDDA-42B3-BD85-E1C82D46D184}.Release|x64.Build.0 = Release|Any CPU
		{154ECD57-EDDA-42B3-BD85-E1C82D46D184}.Release|x86.ActiveCfg = Release|Any CPU
		{154ECD57-EDDA-42B3-BD85-E1C82D46D184}.Release|x86.Build.0 = Release|Any CPU
		{62FB5FA5-0C26-40AC-B9FB-7E5D72318962}.Debug|Any CPU.ActiveCfg = Debug|Any CPU
		{62FB5FA5-0C26-40AC-B9FB-7E5D72318962}.Debug|Any CPU.Build.0 = Debug|Any CPU
		{62FB5FA5-0C26-40AC-B9FB-7E5D72318962}.Debug|x64.ActiveCfg = Debug|Any CPU
		{62FB5FA5-0C26-40AC-B9FB-7E5D72318962}.Debug|x64.Build.0 = Debug|Any CPU
		{62FB5FA5-0C26-40AC-B9FB-7E5D72318962}.Debug|x86.ActiveCfg = Debug|Any CPU
		{62FB5FA5-0C26-40AC-B9FB-7E5D72318962}.Debug|x86.Build.0 = Debug|Any CPU
		{62FB5FA5-0C26-40AC-B9FB-7E5D72318962}.Release|Any CPU.ActiveCfg = Release|Any CPU
		{62FB5FA5-0C26-40AC-B9FB-7E5D72318962}.Release|Any CPU.Build.0 = Release|Any CPU
		{62FB5FA5-0C26-40AC-B9FB-7E5D72318962}.Release|x64.ActiveCfg = Release|Any CPU
		{62FB5FA5-0C26-40AC-B9FB-7E5D72318962}.Release|x64.Build.0 = Release|Any CPU
		{62FB5FA5-0C26-40AC-B9FB-7E5D72318962}.Release|x86.ActiveCfg = Release|Any CPU
		{62FB5FA5-0C26-40AC-B9FB-7E5D72318962}.Release|x86.Build.0 = Release|Any CPU
	EndGlobalSection
	GlobalSection(SolutionProperties) = preSolution
		HideSolutionNode = FALSE
	EndGlobalSection
	GlobalSection(ExtensibilityGlobals) = postSolution
		SolutionGuid = {3DF64783-FD22-4BDE-924E-BCAD6405AD74}
	EndGlobalSection
EndGlobal
