
Microsoft Visual Studio Solution File, Format Version 12.00
# Visual Studio Version 17
VisualStudioVersion = 17.0.32014.148
MinimumVisualStudioVersion = 15.0.26124.0
Project("{9A19103F-16F7-4668-BE54-9A1E7A4F7556}") = "EMBC.Registrants.API", "EMBC.Registrants.API\EMBC.Registrants.API.csproj", "{EE7D4980-9AEE-4495-8B4E-28CA41B32024}"
EndProject
Project("{9A19103F-16F7-4668-BE54-9A1E7A4F7556}") = "EMBC.Tests.Unit.Registrants.API", "EMBC.Tests.Unit.Registrants.API\EMBC.Tests.Unit.Registrants.API.csproj", "{A8EEF3EC-A1AE-4C4E-8AB3-4D3BF46DE853}"
EndProject
Project("{9A19103F-16F7-4668-BE54-9A1E7A4F7556}") = "EMBC.ESS.Shared.Contracts", "EMBC.ESS.Shared.Contracts\EMBC.ESS.Shared.Contracts.csproj", "{4F64AE02-EED1-4F7D-A768-3618598F7BDB}"
EndProject
Project("{2150E333-8FDC-42A3-9474-1A3956D46DE8}") = "Utilities", "Utilities", "{8767FCB6-3A38-4AD6-9A74-EF442141C514}"
EndProject
Project("{9A19103F-16F7-4668-BE54-9A1E7A4F7556}") = "EMBC.Utilities", "EMBC.Utilities\EMBC.Utilities.csproj", "{A331DBC1-BA4E-4F05-814A-70D3D2D67633}"
EndProject
Project("{9A19103F-16F7-4668-BE54-9A1E7A4F7556}") = "EMBC.Utilities.Hosting", "EMBC.Utilities.Hosting\EMBC.Utilities.Hosting.csproj", "{3737A3FE-B0CA-4E0D-953A-5819812D7EAC}"
EndProject
Project("{9A19103F-16F7-4668-BE54-9A1E7A4F7556}") = "EMBC.Utilities.Messaging", "EMBC.Utilities.Messaging\EMBC.Utilities.Messaging.csproj", "{1A9DE8A8-E3D2-4D47-8198-340CA92D9D8A}"
EndProject
Project("{9A19103F-16F7-4668-BE54-9A1E7A4F7556}") = "EMBC.Utilities.Caching", "EMBC.Utilities.Caching\EMBC.Utilities.Caching.csproj", "{230F096F-6211-4775-9C31-861E8DBB48BB}"
EndProject
Project("{9A19103F-16F7-4668-BE54-9A1E7A4F7556}") = "EMBC.Utilities.Telemetry", "EMBC.Utilities.Telemetry\EMBC.Utilities.Telemetry.csproj", "{09D47B93-BB8F-44CE-B2FF-0ABCA6F897D1}"
EndProject
Global
	GlobalSection(SolutionConfigurationPlatforms) = preSolution
		Debug|Any CPU = Debug|Any CPU
		Debug|x64 = Debug|x64
		Debug|x86 = Debug|x86
		Release|Any CPU = Release|Any CPU
		Release|x64 = Release|x64
		Release|x86 = Release|x86
	EndGlobalSection
	GlobalSection(ProjectConfigurationPlatforms) = postSolution
		{EE7D4980-9AEE-4495-8B4E-28CA41B32024}.Debug|Any CPU.ActiveCfg = Debug|Any CPU
		{EE7D4980-9AEE-4495-8B4E-28CA41B32024}.Debug|Any CPU.Build.0 = Debug|Any CPU
		{EE7D4980-9AEE-4495-8B4E-28CA41B32024}.Debug|x64.ActiveCfg = Debug|Any CPU
		{EE7D4980-9AEE-4495-8B4E-28CA41B32024}.Debug|x64.Build.0 = Debug|Any CPU
		{EE7D4980-9AEE-4495-8B4E-28CA41B32024}.Debug|x86.ActiveCfg = Debug|Any CPU
		{EE7D4980-9AEE-4495-8B4E-28CA41B32024}.Debug|x86.Build.0 = Debug|Any CPU
		{EE7D4980-9AEE-4495-8B4E-28CA41B32024}.Release|Any CPU.ActiveCfg = Release|Any CPU
		{EE7D4980-9AEE-4495-8B4E-28CA41B32024}.Release|Any CPU.Build.0 = Release|Any CPU
		{EE7D4980-9AEE-4495-8B4E-28CA41B32024}.Release|x64.ActiveCfg = Release|Any CPU
		{EE7D4980-9AEE-4495-8B4E-28CA41B32024}.Release|x64.Build.0 = Release|Any CPU
		{EE7D4980-9AEE-4495-8B4E-28CA41B32024}.Release|x86.ActiveCfg = Release|Any CPU
		{EE7D4980-9AEE-4495-8B4E-28CA41B32024}.Release|x86.Build.0 = Release|Any CPU
		{A8EEF3EC-A1AE-4C4E-8AB3-4D3BF46DE853}.Debug|Any CPU.ActiveCfg = Debug|Any CPU
		{A8EEF3EC-A1AE-4C4E-8AB3-4D3BF46DE853}.Debug|Any CPU.Build.0 = Debug|Any CPU
		{A8EEF3EC-A1AE-4C4E-8AB3-4D3BF46DE853}.Debug|x64.ActiveCfg = Debug|Any CPU
		{A8EEF3EC-A1AE-4C4E-8AB3-4D3BF46DE853}.Debug|x64.Build.0 = Debug|Any CPU
		{A8EEF3EC-A1AE-4C4E-8AB3-4D3BF46DE853}.Debug|x86.ActiveCfg = Debug|Any CPU
		{A8EEF3EC-A1AE-4C4E-8AB3-4D3BF46DE853}.Debug|x86.Build.0 = Debug|Any CPU
		{A8EEF3EC-A1AE-4C4E-8AB3-4D3BF46DE853}.Release|Any CPU.ActiveCfg = Release|Any CPU
		{A8EEF3EC-A1AE-4C4E-8AB3-4D3BF46DE853}.Release|Any CPU.Build.0 = Release|Any CPU
		{A8EEF3EC-A1AE-4C4E-8AB3-4D3BF46DE853}.Release|x64.ActiveCfg = Release|Any CPU
		{A8EEF3EC-A1AE-4C4E-8AB3-4D3BF46DE853}.Release|x64.Build.0 = Release|Any CPU
		{A8EEF3EC-A1AE-4C4E-8AB3-4D3BF46DE853}.Release|x86.ActiveCfg = Release|Any CPU
		{A8EEF3EC-A1AE-4C4E-8AB3-4D3BF46DE853}.Release|x86.Build.0 = Release|Any CPU
		{4F64AE02-EED1-4F7D-A768-3618598F7BDB}.Debug|Any CPU.ActiveCfg = Debug|Any CPU
		{4F64AE02-EED1-4F7D-A768-3618598F7BDB}.Debug|Any CPU.Build.0 = Debug|Any CPU
		{4F64AE02-EED1-4F7D-A768-3618598F7BDB}.Debug|x64.ActiveCfg = Debug|Any CPU
		{4F64AE02-EED1-4F7D-A768-3618598F7BDB}.Debug|x64.Build.0 = Debug|Any CPU
		{4F64AE02-EED1-4F7D-A768-3618598F7BDB}.Debug|x86.ActiveCfg = Debug|Any CPU
		{4F64AE02-EED1-4F7D-A768-3618598F7BDB}.Debug|x86.Build.0 = Debug|Any CPU
		{4F64AE02-EED1-4F7D-A768-3618598F7BDB}.Release|Any CPU.ActiveCfg = Release|Any CPU
		{4F64AE02-EED1-4F7D-A768-3618598F7BDB}.Release|Any CPU.Build.0 = Release|Any CPU
		{4F64AE02-EED1-4F7D-A768-3618598F7BDB}.Release|x64.ActiveCfg = Release|Any CPU
		{4F64AE02-EED1-4F7D-A768-3618598F7BDB}.Release|x64.Build.0 = Release|Any CPU
		{4F64AE02-EED1-4F7D-A768-3618598F7BDB}.Release|x86.ActiveCfg = Release|Any CPU
		{4F64AE02-EED1-4F7D-A768-3618598F7BDB}.Release|x86.Build.0 = Release|Any CPU
		{A331DBC1-BA4E-4F05-814A-70D3D2D67633}.Debug|Any CPU.ActiveCfg = Debug|Any CPU
		{A331DBC1-BA4E-4F05-814A-70D3D2D67633}.Debug|Any CPU.Build.0 = Debug|Any CPU
		{A331DBC1-BA4E-4F05-814A-70D3D2D67633}.Debug|x64.ActiveCfg = Debug|Any CPU
		{A331DBC1-BA4E-4F05-814A-70D3D2D67633}.Debug|x64.Build.0 = Debug|Any CPU
		{A331DBC1-BA4E-4F05-814A-70D3D2D67633}.Debug|x86.ActiveCfg = Debug|Any CPU
		{A331DBC1-BA4E-4F05-814A-70D3D2D67633}.Debug|x86.Build.0 = Debug|Any CPU
		{A331DBC1-BA4E-4F05-814A-70D3D2D67633}.Release|Any CPU.ActiveCfg = Release|Any CPU
		{A331DBC1-BA4E-4F05-814A-70D3D2D67633}.Release|Any CPU.Build.0 = Release|Any CPU
		{A331DBC1-BA4E-4F05-814A-70D3D2D67633}.Release|x64.ActiveCfg = Release|Any CPU
		{A331DBC1-BA4E-4F05-814A-70D3D2D67633}.Release|x64.Build.0 = Release|Any CPU
		{A331DBC1-BA4E-4F05-814A-70D3D2D67633}.Release|x86.ActiveCfg = Release|Any CPU
		{A331DBC1-BA4E-4F05-814A-70D3D2D67633}.Release|x86.Build.0 = Release|Any CPU
		{3737A3FE-B0CA-4E0D-953A-5819812D7EAC}.Debug|Any CPU.ActiveCfg = Debug|Any CPU
		{3737A3FE-B0CA-4E0D-953A-5819812D7EAC}.Debug|Any CPU.Build.0 = Debug|Any CPU
		{3737A3FE-B0CA-4E0D-953A-5819812D7EAC}.Debug|x64.ActiveCfg = Debug|Any CPU
		{3737A3FE-B0CA-4E0D-953A-5819812D7EAC}.Debug|x64.Build.0 = Debug|Any CPU
		{3737A3FE-B0CA-4E0D-953A-5819812D7EAC}.Debug|x86.ActiveCfg = Debug|Any CPU
		{3737A3FE-B0CA-4E0D-953A-5819812D7EAC}.Debug|x86.Build.0 = Debug|Any CPU
		{3737A3FE-B0CA-4E0D-953A-5819812D7EAC}.Release|Any CPU.ActiveCfg = Release|Any CPU
		{3737A3FE-B0CA-4E0D-953A-5819812D7EAC}.Release|Any CPU.Build.0 = Release|Any CPU
		{3737A3FE-B0CA-4E0D-953A-5819812D7EAC}.Release|x64.ActiveCfg = Release|Any CPU
		{3737A3FE-B0CA-4E0D-953A-5819812D7EAC}.Release|x64.Build.0 = Release|Any CPU
		{3737A3FE-B0CA-4E0D-953A-5819812D7EAC}.Release|x86.ActiveCfg = Release|Any CPU
		{3737A3FE-B0CA-4E0D-953A-5819812D7EAC}.Release|x86.Build.0 = Release|Any CPU
		{1A9DE8A8-E3D2-4D47-8198-340CA92D9D8A}.Debug|Any CPU.ActiveCfg = Debug|Any CPU
		{1A9DE8A8-E3D2-4D47-8198-340CA92D9D8A}.Debug|Any CPU.Build.0 = Debug|Any CPU
		{1A9DE8A8-E3D2-4D47-8198-340CA92D9D8A}.Debug|x64.ActiveCfg = Debug|Any CPU
		{1A9DE8A8-E3D2-4D47-8198-340CA92D9D8A}.Debug|x64.Build.0 = Debug|Any CPU
		{1A9DE8A8-E3D2-4D47-8198-340CA92D9D8A}.Debug|x86.ActiveCfg = Debug|Any CPU
		{1A9DE8A8-E3D2-4D47-8198-340CA92D9D8A}.Debug|x86.Build.0 = Debug|Any CPU
		{1A9DE8A8-E3D2-4D47-8198-340CA92D9D8A}.Release|Any CPU.ActiveCfg = Release|Any CPU
		{1A9DE8A8-E3D2-4D47-8198-340CA92D9D8A}.Release|Any CPU.Build.0 = Release|Any CPU
		{1A9DE8A8-E3D2-4D47-8198-340CA92D9D8A}.Release|x64.ActiveCfg = Release|Any CPU
		{1A9DE8A8-E3D2-4D47-8198-340CA92D9D8A}.Release|x64.Build.0 = Release|Any CPU
		{1A9DE8A8-E3D2-4D47-8198-340CA92D9D8A}.Release|x86.ActiveCfg = Release|Any CPU
		{1A9DE8A8-E3D2-4D47-8198-340CA92D9D8A}.Release|x86.Build.0 = Release|Any CPU
		{230F096F-6211-4775-9C31-861E8DBB48BB}.Debug|Any CPU.ActiveCfg = Debug|Any CPU
		{230F096F-6211-4775-9C31-861E8DBB48BB}.Debug|Any CPU.Build.0 = Debug|Any CPU
		{230F096F-6211-4775-9C31-861E8DBB48BB}.Debug|x64.ActiveCfg = Debug|Any CPU
		{230F096F-6211-4775-9C31-861E8DBB48BB}.Debug|x64.Build.0 = Debug|Any CPU
		{230F096F-6211-4775-9C31-861E8DBB48BB}.Debug|x86.ActiveCfg = Debug|Any CPU
		{230F096F-6211-4775-9C31-861E8DBB48BB}.Debug|x86.Build.0 = Debug|Any CPU
		{230F096F-6211-4775-9C31-861E8DBB48BB}.Release|Any CPU.ActiveCfg = Release|Any CPU
		{230F096F-6211-4775-9C31-861E8DBB48BB}.Release|Any CPU.Build.0 = Release|Any CPU
		{230F096F-6211-4775-9C31-861E8DBB48BB}.Release|x64.ActiveCfg = Release|Any CPU
		{230F096F-6211-4775-9C31-861E8DBB48BB}.Release|x64.Build.0 = Release|Any CPU
		{230F096F-6211-4775-9C31-861E8DBB48BB}.Release|x86.ActiveCfg = Release|Any CPU
		{230F096F-6211-4775-9C31-861E8DBB48BB}.Release|x86.Build.0 = Release|Any CPU
		{09D47B93-BB8F-44CE-B2FF-0ABCA6F897D1}.Debug|Any CPU.ActiveCfg = Debug|Any CPU
		{09D47B93-BB8F-44CE-B2FF-0ABCA6F897D1}.Debug|Any CPU.Build.0 = Debug|Any CPU
		{09D47B93-BB8F-44CE-B2FF-0ABCA6F897D1}.Debug|x64.ActiveCfg = Debug|Any CPU
		{09D47B93-BB8F-44CE-B2FF-0ABCA6F897D1}.Debug|x64.Build.0 = Debug|Any CPU
		{09D47B93-BB8F-44CE-B2FF-0ABCA6F897D1}.Debug|x86.ActiveCfg = Debug|Any CPU
		{09D47B93-BB8F-44CE-B2FF-0ABCA6F897D1}.Debug|x86.Build.0 = Debug|Any CPU
		{09D47B93-BB8F-44CE-B2FF-0ABCA6F897D1}.Release|Any CPU.ActiveCfg = Release|Any CPU
		{09D47B93-BB8F-44CE-B2FF-0ABCA6F897D1}.Release|Any CPU.Build.0 = Release|Any CPU
		{09D47B93-BB8F-44CE-B2FF-0ABCA6F897D1}.Release|x64.ActiveCfg = Release|Any CPU
		{09D47B93-BB8F-44CE-B2FF-0ABCA6F897D1}.Release|x64.Build.0 = Release|Any CPU
		{09D47B93-BB8F-44CE-B2FF-0ABCA6F897D1}.Release|x86.ActiveCfg = Release|Any CPU
		{09D47B93-BB8F-44CE-B2FF-0ABCA6F897D1}.Release|x86.Build.0 = Release|Any CPU
	EndGlobalSection
	GlobalSection(SolutionProperties) = preSolution
		HideSolutionNode = FALSE
	EndGlobalSection
	GlobalSection(NestedProjects) = preSolution
		{A331DBC1-BA4E-4F05-814A-70D3D2D67633} = {8767FCB6-3A38-4AD6-9A74-EF442141C514}
		{3737A3FE-B0CA-4E0D-953A-5819812D7EAC} = {8767FCB6-3A38-4AD6-9A74-EF442141C514}
		{1A9DE8A8-E3D2-4D47-8198-340CA92D9D8A} = {8767FCB6-3A38-4AD6-9A74-EF442141C514}
		{230F096F-6211-4775-9C31-861E8DBB48BB} = {8767FCB6-3A38-4AD6-9A74-EF442141C514}
		{09D47B93-BB8F-44CE-B2FF-0ABCA6F897D1} = {8767FCB6-3A38-4AD6-9A74-EF442141C514}
	EndGlobalSection
	GlobalSection(ExtensibilityGlobals) = postSolution
		SolutionGuid = {3DF64783-FD22-4BDE-924E-BCAD6405AD74}
	EndGlobalSection
EndGlobal
