
Microsoft Visual Studio Solution File, Format Version 12.00
# Visual Studio Version 17
VisualStudioVersion = 17.1.32210.238
MinimumVisualStudioVersion = 10.0.40219.1
Project("{9A19103F-16F7-4668-BE54-9A1E7A4F7556}") = "EMBC.ESS", "EMBC.ESS\EMBC.ESS.csproj", "{F56467FE-2C49-490E-9798-D268CE278466}"
EndProject
Project("{9A19103F-16F7-4668-BE54-9A1E7A4F7556}") = "EMBC.ESS.Host", "EMBC.ESS.Host\EMBC.ESS.Host.csproj", "{5570D11A-BF55-446A-83E1-1660E952C2F8}"
EndProject
Project("{9A19103F-16F7-4668-BE54-9A1E7A4F7556}") = "EMBC.ESS.Shared.Contracts", "EMBC.ESS.Shared.Contracts\EMBC.ESS.Shared.Contracts.csproj", "{B8A72D59-2AD3-4A5C-99BE-599AE3A87FCD}"
EndProject
Project("{9A19103F-16F7-4668-BE54-9A1E7A4F7556}") = "EMBC.ESS.Utilities.BceidWS", "EMBC.ESS.Utilities.BceidWS\EMBC.ESS.Utilities.BceidWS.csproj", "{6180B35E-2382-45CD-8CB7-9EA1582CD6A9}"
EndProject
Project("{9A19103F-16F7-4668-BE54-9A1E7A4F7556}") = "EMBC.Registrants.API", "EMBC.Registrants.API\EMBC.Registrants.API.csproj", "{2CC09388-FD9D-4DE4-9C6D-8117C41E5DC3}"
EndProject
Project("{9A19103F-16F7-4668-BE54-9A1E7A4F7556}") = "EMBC.Responders.API", "EMBC.Responders.API\EMBC.Responders.API.csproj", "{F3618B29-ACC1-4391-BAA3-A9708EAC9F46}"
EndProject
Project("{9A19103F-16F7-4668-BE54-9A1E7A4F7556}") = "EMBC.Tests.Integration.ESS", "EMBC.Tests.Integration.ESS\EMBC.Tests.Integration.ESS.csproj", "{BDE30178-6784-49E8-8101-1759DA3E61EA}"
EndProject
Project("{9A19103F-16F7-4668-BE54-9A1E7A4F7556}") = "EMBC.Tests.Unit.ESS", "EMBC.Tests.Unit.ESS\EMBC.Tests.Unit.ESS.csproj", "{12CC0790-6511-4903-8E62-A0C03DAD74E4}"
EndProject
Project("{9A19103F-16F7-4668-BE54-9A1E7A4F7556}") = "EMBC.Tests.Unit.Registrants.API", "EMBC.Tests.Unit.Registrants.API\EMBC.Tests.Unit.Registrants.API.csproj", "{F448EEA8-2FC5-4916-82CC-7D863147E986}"
EndProject
Project("{9A19103F-16F7-4668-BE54-9A1E7A4F7556}") = "EMBC.Tests.Unit.Responders.API", "EMBC.Tests.Unit.Responders.API\EMBC.Tests.Unit.Responders.API.csproj", "{848A6208-34CB-45EE-9B80-4D8C76D4C6F9}"
EndProject
Project("{9A19103F-16F7-4668-BE54-9A1E7A4F7556}") = "EMBC.Utilities", "EMBC.Utilities\EMBC.Utilities.csproj", "{AFE7A80D-ED1A-4A62-BD7D-0805AE2B9BCE}"
EndProject
Project("{9A19103F-16F7-4668-BE54-9A1E7A4F7556}") = "EMBC.Utilities.Hosting", "EMBC.Utilities.Hosting\EMBC.Utilities.Hosting.csproj", "{2B4A5766-A967-4C51-80A8-3481EA5E46D3}"
EndProject
Project("{9A19103F-16F7-4668-BE54-9A1E7A4F7556}") = "EMBC.Utilities.Messaging", "EMBC.Utilities.Messaging\EMBC.Utilities.Messaging.csproj", "{32ECB77C-24BA-45EA-8A0E-BB72483F7791}"
EndProject
Project("{9A19103F-16F7-4668-BE54-9A1E7A4F7556}") = "EMBC.Utilities.PdfGenerator", "EMBC.Utilities.PdfGenerator\EMBC.Utilities.PdfGenerator.csproj", "{31D49ED3-83F7-46E7-ACD4-3F01B1FB6710}"
EndProject
Project("{2150E333-8FDC-42A3-9474-1A3956D46DE8}") = "Responders", "Responders", "{161BEA8C-7C20-4245-94FF-FA2DCEF659C1}"
EndProject
Project("{2150E333-8FDC-42A3-9474-1A3956D46DE8}") = "Registrants", "Registrants", "{FADF50B5-560B-4701-8BEB-6E0C1DD3089D}"
EndProject
Project("{2150E333-8FDC-42A3-9474-1A3956D46DE8}") = "Utilities", "Utilities", "{1AAA5510-A601-40B7-A7CB-6C711EC2AAD6}"
EndProject
Project("{2150E333-8FDC-42A3-9474-1A3956D46DE8}") = "ESS", "ESS", "{695A4E26-0F11-4CF1-AE8A-0DF685C959C0}"
EndProject
Project("{2150E333-8FDC-42A3-9474-1A3956D46DE8}") = "Tests", "Tests", "{3AD58AC6-3E2E-40C8-BDE9-655CE0ECBAAF}"
EndProject
Project("{9A19103F-16F7-4668-BE54-9A1E7A4F7556}") = "EMBC.ESS.Utilities.Dynamics", "EMBC.ESS.Utilities.Dynamics\EMBC.ESS.Utilities.Dynamics.csproj", "{70D47C34-35AD-45AA-B778-AECCA97F9822}"
EndProject
Project("{2150E333-8FDC-42A3-9474-1A3956D46DE8}") = "PdfGenerator", "PdfGenerator", "{8AF5651A-5BF3-4361-B990-0617A406937A}"
EndProject
Project("{9A19103F-16F7-4668-BE54-9A1E7A4F7556}") = "EMBC.PDFGenerator", "EMBC.PDFGenerator\EMBC.PDFGenerator.csproj", "{5CC2F789-C0B7-494F-A921-020F4564DEDD}"
EndProject
Project("{9A19103F-16F7-4668-BE54-9A1E7A4F7556}") = "EMBC.Tests.Unit.PDFGenerator", "EMBC.Tests.Unit.PDFGenerator\EMBC.Tests.Unit.PDFGenerator.csproj", "{1E881DC0-412E-47FA-B9CE-A7B9D874C4D2}"
EndProject
Project("{2150E333-8FDC-42A3-9474-1A3956D46DE8}") = "Integration", "Integration", "{A4DAB90F-70F7-45D5-9CE6-0E5E0450A1B1}"
EndProject
Project("{2150E333-8FDC-42A3-9474-1A3956D46DE8}") = "Unit", "Unit", "{6DE9010C-14E2-4D6A-8CA5-01D66C2F0063}"
EndProject
Global
	GlobalSection(SolutionConfigurationPlatforms) = preSolution
		Debug|Any CPU = Debug|Any CPU
		Release|Any CPU = Release|Any CPU
	EndGlobalSection
	GlobalSection(ProjectConfigurationPlatforms) = postSolution
		{F56467FE-2C49-490E-9798-D268CE278466}.Debug|Any CPU.ActiveCfg = Debug|Any CPU
		{F56467FE-2C49-490E-9798-D268CE278466}.Debug|Any CPU.Build.0 = Debug|Any CPU
		{F56467FE-2C49-490E-9798-D268CE278466}.Release|Any CPU.ActiveCfg = Release|Any CPU
		{F56467FE-2C49-490E-9798-D268CE278466}.Release|Any CPU.Build.0 = Release|Any CPU
		{5570D11A-BF55-446A-83E1-1660E952C2F8}.Debug|Any CPU.ActiveCfg = Debug|Any CPU
		{5570D11A-BF55-446A-83E1-1660E952C2F8}.Debug|Any CPU.Build.0 = Debug|Any CPU
		{5570D11A-BF55-446A-83E1-1660E952C2F8}.Release|Any CPU.ActiveCfg = Release|Any CPU
		{5570D11A-BF55-446A-83E1-1660E952C2F8}.Release|Any CPU.Build.0 = Release|Any CPU
		{B8A72D59-2AD3-4A5C-99BE-599AE3A87FCD}.Debug|Any CPU.ActiveCfg = Debug|Any CPU
		{B8A72D59-2AD3-4A5C-99BE-599AE3A87FCD}.Debug|Any CPU.Build.0 = Debug|Any CPU
		{B8A72D59-2AD3-4A5C-99BE-599AE3A87FCD}.Release|Any CPU.ActiveCfg = Release|Any CPU
		{B8A72D59-2AD3-4A5C-99BE-599AE3A87FCD}.Release|Any CPU.Build.0 = Release|Any CPU
		{6180B35E-2382-45CD-8CB7-9EA1582CD6A9}.Debug|Any CPU.ActiveCfg = Debug|Any CPU
		{6180B35E-2382-45CD-8CB7-9EA1582CD6A9}.Debug|Any CPU.Build.0 = Debug|Any CPU
		{6180B35E-2382-45CD-8CB7-9EA1582CD6A9}.Release|Any CPU.ActiveCfg = Release|Any CPU
		{6180B35E-2382-45CD-8CB7-9EA1582CD6A9}.Release|Any CPU.Build.0 = Release|Any CPU
		{2CC09388-FD9D-4DE4-9C6D-8117C41E5DC3}.Debug|Any CPU.ActiveCfg = Debug|Any CPU
		{2CC09388-FD9D-4DE4-9C6D-8117C41E5DC3}.Debug|Any CPU.Build.0 = Debug|Any CPU
		{2CC09388-FD9D-4DE4-9C6D-8117C41E5DC3}.Release|Any CPU.ActiveCfg = Release|Any CPU
		{2CC09388-FD9D-4DE4-9C6D-8117C41E5DC3}.Release|Any CPU.Build.0 = Release|Any CPU
		{F3618B29-ACC1-4391-BAA3-A9708EAC9F46}.Debug|Any CPU.ActiveCfg = Debug|Any CPU
		{F3618B29-ACC1-4391-BAA3-A9708EAC9F46}.Debug|Any CPU.Build.0 = Debug|Any CPU
		{F3618B29-ACC1-4391-BAA3-A9708EAC9F46}.Release|Any CPU.ActiveCfg = Release|Any CPU
		{F3618B29-ACC1-4391-BAA3-A9708EAC9F46}.Release|Any CPU.Build.0 = Release|Any CPU
		{BDE30178-6784-49E8-8101-1759DA3E61EA}.Debug|Any CPU.ActiveCfg = Debug|Any CPU
		{BDE30178-6784-49E8-8101-1759DA3E61EA}.Debug|Any CPU.Build.0 = Debug|Any CPU
		{BDE30178-6784-49E8-8101-1759DA3E61EA}.Release|Any CPU.ActiveCfg = Release|Any CPU
		{BDE30178-6784-49E8-8101-1759DA3E61EA}.Release|Any CPU.Build.0 = Release|Any CPU
		{12CC0790-6511-4903-8E62-A0C03DAD74E4}.Debug|Any CPU.ActiveCfg = Debug|Any CPU
		{12CC0790-6511-4903-8E62-A0C03DAD74E4}.Debug|Any CPU.Build.0 = Debug|Any CPU
		{12CC0790-6511-4903-8E62-A0C03DAD74E4}.Release|Any CPU.ActiveCfg = Release|Any CPU
		{12CC0790-6511-4903-8E62-A0C03DAD74E4}.Release|Any CPU.Build.0 = Release|Any CPU
		{F448EEA8-2FC5-4916-82CC-7D863147E986}.Debug|Any CPU.ActiveCfg = Debug|Any CPU
		{F448EEA8-2FC5-4916-82CC-7D863147E986}.Debug|Any CPU.Build.0 = Debug|Any CPU
		{F448EEA8-2FC5-4916-82CC-7D863147E986}.Release|Any CPU.ActiveCfg = Release|Any CPU
		{F448EEA8-2FC5-4916-82CC-7D863147E986}.Release|Any CPU.Build.0 = Release|Any CPU
		{848A6208-34CB-45EE-9B80-4D8C76D4C6F9}.Debug|Any CPU.ActiveCfg = Debug|Any CPU
		{848A6208-34CB-45EE-9B80-4D8C76D4C6F9}.Debug|Any CPU.Build.0 = Debug|Any CPU
		{848A6208-34CB-45EE-9B80-4D8C76D4C6F9}.Release|Any CPU.ActiveCfg = Release|Any CPU
		{848A6208-34CB-45EE-9B80-4D8C76D4C6F9}.Release|Any CPU.Build.0 = Release|Any CPU
		{AFE7A80D-ED1A-4A62-BD7D-0805AE2B9BCE}.Debug|Any CPU.ActiveCfg = Debug|Any CPU
		{AFE7A80D-ED1A-4A62-BD7D-0805AE2B9BCE}.Debug|Any CPU.Build.0 = Debug|Any CPU
		{AFE7A80D-ED1A-4A62-BD7D-0805AE2B9BCE}.Release|Any CPU.ActiveCfg = Release|Any CPU
		{AFE7A80D-ED1A-4A62-BD7D-0805AE2B9BCE}.Release|Any CPU.Build.0 = Release|Any CPU
		{2B4A5766-A967-4C51-80A8-3481EA5E46D3}.Debug|Any CPU.ActiveCfg = Debug|Any CPU
		{2B4A5766-A967-4C51-80A8-3481EA5E46D3}.Debug|Any CPU.Build.0 = Debug|Any CPU
		{2B4A5766-A967-4C51-80A8-3481EA5E46D3}.Release|Any CPU.ActiveCfg = Release|Any CPU
		{2B4A5766-A967-4C51-80A8-3481EA5E46D3}.Release|Any CPU.Build.0 = Release|Any CPU
		{32ECB77C-24BA-45EA-8A0E-BB72483F7791}.Debug|Any CPU.ActiveCfg = Debug|Any CPU
		{32ECB77C-24BA-45EA-8A0E-BB72483F7791}.Debug|Any CPU.Build.0 = Debug|Any CPU
		{32ECB77C-24BA-45EA-8A0E-BB72483F7791}.Release|Any CPU.ActiveCfg = Release|Any CPU
		{32ECB77C-24BA-45EA-8A0E-BB72483F7791}.Release|Any CPU.Build.0 = Release|Any CPU
		{31D49ED3-83F7-46E7-ACD4-3F01B1FB6710}.Debug|Any CPU.ActiveCfg = Debug|Any CPU
		{31D49ED3-83F7-46E7-ACD4-3F01B1FB6710}.Debug|Any CPU.Build.0 = Debug|Any CPU
		{31D49ED3-83F7-46E7-ACD4-3F01B1FB6710}.Release|Any CPU.ActiveCfg = Release|Any CPU
		{31D49ED3-83F7-46E7-ACD4-3F01B1FB6710}.Release|Any CPU.Build.0 = Release|Any CPU
		{70D47C34-35AD-45AA-B778-AECCA97F9822}.Debug|Any CPU.ActiveCfg = Debug|Any CPU
		{70D47C34-35AD-45AA-B778-AECCA97F9822}.Debug|Any CPU.Build.0 = Debug|Any CPU
		{70D47C34-35AD-45AA-B778-AECCA97F9822}.Release|Any CPU.ActiveCfg = Release|Any CPU
		{70D47C34-35AD-45AA-B778-AECCA97F9822}.Release|Any CPU.Build.0 = Release|Any CPU
		{5CC2F789-C0B7-494F-A921-020F4564DEDD}.Debug|Any CPU.ActiveCfg = Debug|Any CPU
		{5CC2F789-C0B7-494F-A921-020F4564DEDD}.Debug|Any CPU.Build.0 = Debug|Any CPU
		{5CC2F789-C0B7-494F-A921-020F4564DEDD}.Release|Any CPU.ActiveCfg = Release|Any CPU
		{5CC2F789-C0B7-494F-A921-020F4564DEDD}.Release|Any CPU.Build.0 = Release|Any CPU
		{1E881DC0-412E-47FA-B9CE-A7B9D874C4D2}.Debug|Any CPU.ActiveCfg = Debug|Any CPU
		{1E881DC0-412E-47FA-B9CE-A7B9D874C4D2}.Debug|Any CPU.Build.0 = Debug|Any CPU
		{1E881DC0-412E-47FA-B9CE-A7B9D874C4D2}.Release|Any CPU.ActiveCfg = Release|Any CPU
		{1E881DC0-412E-47FA-B9CE-A7B9D874C4D2}.Release|Any CPU.Build.0 = Release|Any CPU
	EndGlobalSection
	GlobalSection(SolutionProperties) = preSolution
		HideSolutionNode = FALSE
	EndGlobalSection
	GlobalSection(NestedProjects) = preSolution
		{F56467FE-2C49-490E-9798-D268CE278466} = {695A4E26-0F11-4CF1-AE8A-0DF685C959C0}
		{5570D11A-BF55-446A-83E1-1660E952C2F8} = {695A4E26-0F11-4CF1-AE8A-0DF685C959C0}
		{6180B35E-2382-45CD-8CB7-9EA1582CD6A9} = {695A4E26-0F11-4CF1-AE8A-0DF685C959C0}
		{2CC09388-FD9D-4DE4-9C6D-8117C41E5DC3} = {FADF50B5-560B-4701-8BEB-6E0C1DD3089D}
		{F3618B29-ACC1-4391-BAA3-A9708EAC9F46} = {161BEA8C-7C20-4245-94FF-FA2DCEF659C1}
		{BDE30178-6784-49E8-8101-1759DA3E61EA} = {A4DAB90F-70F7-45D5-9CE6-0E5E0450A1B1}
		{12CC0790-6511-4903-8E62-A0C03DAD74E4} = {6DE9010C-14E2-4D6A-8CA5-01D66C2F0063}
		{F448EEA8-2FC5-4916-82CC-7D863147E986} = {6DE9010C-14E2-4D6A-8CA5-01D66C2F0063}
		{848A6208-34CB-45EE-9B80-4D8C76D4C6F9} = {6DE9010C-14E2-4D6A-8CA5-01D66C2F0063}
		{AFE7A80D-ED1A-4A62-BD7D-0805AE2B9BCE} = {1AAA5510-A601-40B7-A7CB-6C711EC2AAD6}
		{2B4A5766-A967-4C51-80A8-3481EA5E46D3} = {1AAA5510-A601-40B7-A7CB-6C711EC2AAD6}
		{32ECB77C-24BA-45EA-8A0E-BB72483F7791} = {1AAA5510-A601-40B7-A7CB-6C711EC2AAD6}
		{31D49ED3-83F7-46E7-ACD4-3F01B1FB6710} = {8AF5651A-5BF3-4361-B990-0617A406937A}
		{70D47C34-35AD-45AA-B778-AECCA97F9822} = {695A4E26-0F11-4CF1-AE8A-0DF685C959C0}
		{8AF5651A-5BF3-4361-B990-0617A406937A} = {1AAA5510-A601-40B7-A7CB-6C711EC2AAD6}
		{5CC2F789-C0B7-494F-A921-020F4564DEDD} = {8AF5651A-5BF3-4361-B990-0617A406937A}
		{1E881DC0-412E-47FA-B9CE-A7B9D874C4D2} = {6DE9010C-14E2-4D6A-8CA5-01D66C2F0063}
		{A4DAB90F-70F7-45D5-9CE6-0E5E0450A1B1} = {3AD58AC6-3E2E-40C8-BDE9-655CE0ECBAAF}
		{6DE9010C-14E2-4D6A-8CA5-01D66C2F0063} = {3AD58AC6-3E2E-40C8-BDE9-655CE0ECBAAF}
	EndGlobalSection
	GlobalSection(ExtensibilityGlobals) = postSolution
		SolutionGuid = {6280500C-D066-49E2-9728-58C7F218E175}
	EndGlobalSection
EndGlobal
